# THIS IS AN AUTOGENERATED FILE. DO NOT EDIT THIS FILE DIRECTLY.
# yarn lockfile v1


nodemailer@^6.4.0:
  version "6.4.0"
  resolved "https://registry.yarnpkg.com/nodemailer/-/nodemailer-6.4.0.tgz#91482ebc09d39156d933eb9e6159642cd27bf02c"
  integrity sha512-UBqPOfQGD1cM3HnjhuQe+0u3DWx47WWK7lBjG5UtPnGOysr7oDK5lNCzcjK6zzeBSdTk4m1tGx1xNbWFZQmMNA==
